
Microsoft Visual Studio Solution File, Format Version 12.00
# Visual Studio Version 16
VisualStudioVersion = 16.0.31729.503
MinimumVisualStudioVersion = 10.0.40219.1
Project("{9A19103F-16F7-4668-BE54-9A1E7A4F7556}") = "DataAccess", "DataAccess\DataAccess.csproj", "{DEFF340B-2012-4E34-B99A-2B16BE1A8FBA}"
EndProject
Project("{9A19103F-16F7-4668-BE54-9A1E7A4F7556}") = "Bussiness", "Bussiness\Bussiness.csproj", "{0CD79A85-6AF9-4A72-8557-C38D50889479}"
EndProject
Project("{9A19103F-16F7-4668-BE54-9A1E7A4F7556}") = "Entities", "Entities\Entities.csproj", "{4CA36C24-F815-4466-BD12-88087F8E610D}"
EndProject
Project("{9A19103F-16F7-4668-BE54-9A1E7A4F7556}") = "ConsoleUI", "ConsoleUI\ConsoleUI.csproj", "{5A23134E-6093-4470-9F68-0BE688E3EAAB}"
EndProject
Project("{9A19103F-16F7-4668-BE54-9A1E7A4F7556}") = "Core", "Core\Core.csproj", "{8A77783C-4017-4261-92E8-A5EF696E01AD}"
EndProject
Global
	GlobalSection(SolutionConfigurationPlatforms) = preSolution
		Debug|Any CPU = Debug|Any CPU
		Release|Any CPU = Release|Any CPU
	EndGlobalSection
	GlobalSection(ProjectConfigurationPlatforms) = postSolution
		{DEFF340B-2012-4E34-B99A-2B16BE1A8FBA}.Debug|Any CPU.ActiveCfg = Debug|Any CPU
		{DEFF340B-2012-4E34-B99A-2B16BE1A8FBA}.Debug|Any CPU.Build.0 = Debug|Any CPU
		{DEFF340B-2012-4E34-B99A-2B16BE1A8FBA}.Release|Any CPU.ActiveCfg = Release|Any CPU
		{DEFF340B-2012-4E34-B99A-2B16BE1A8FBA}.Release|Any CPU.Build.0 = Release|Any CPU
		{0CD79A85-6AF9-4A72-8557-C38D50889479}.Debug|Any CPU.ActiveCfg = Debug|Any CPU
		{0CD79A85-6AF9-4A72-8557-C38D50889479}.Debug|Any CPU.Build.0 = Debug|Any CPU
		{0CD79A85-6AF9-4A72-8557-C38D50889479}.Release|Any CPU.ActiveCfg = Release|Any CPU
		{0CD79A85-6AF9-4A72-8557-C38D50889479}.Release|Any CPU.Build.0 = Release|Any CPU
		{4CA36C24-F815-4466-BD12-88087F8E610D}.Debug|Any CPU.ActiveCfg = Debug|Any CPU
		{4CA36C24-F815-4466-BD12-88087F8E610D}.Debug|Any CPU.Build.0 = Debug|Any CPU
		{4CA36C24-F815-4466-BD12-88087F8E610D}.Release|Any CPU.ActiveCfg = Release|Any CPU
		{4CA36C24-F815-4466-BD12-88087F8E610D}.Release|Any CPU.Build.0 = Release|Any CPU
		{5A23134E-6093-4470-9F68-0BE688E3EAAB}.Debug|Any CPU.ActiveCfg = Debug|Any CPU
		{5A23134E-6093-4470-9F68-0BE688E3EAAB}.Debug|Any CPU.Build.0 = Debug|Any CPU
		{5A23134E-6093-4470-9F68-0BE688E3EAAB}.Release|Any CPU.ActiveCfg = Release|Any CPU
		{5A23134E-6093-4470-9F68-0BE688E3EAAB}.Release|Any CPU.Build.0 = Release|Any CPU
		{8A77783C-4017-4261-92E8-A5EF696E01AD}.Debug|Any CPU.ActiveCfg = Debug|Any CPU
		{8A77783C-4017-4261-92E8-A5EF696E01AD}.Debug|Any CPU.Build.0 = Debug|Any CPU
		{8A77783C-4017-4261-92E8-A5EF696E01AD}.Release|Any CPU.ActiveCfg = Release|Any CPU
		{8A77783C-4017-4261-92E8-A5EF696E01AD}.Release|Any CPU.Build.0 = Release|Any CPU
	EndGlobalSection
	GlobalSection(SolutionProperties) = preSolution
		HideSolutionNode = FALSE
	EndGlobalSection
	GlobalSection(ExtensibilityGlobals) = postSolution
		SolutionGuid = {90B951D6-A642-411D-85D4-19930784E425}
	EndGlobalSection
EndGlobal
